
Microsoft Visual Studio Solution File, Format Version 12.00
# Visual Studio Version 17
VisualStudioVersion = 17.11.35327.3
MinimumVisualStudioVersion = 10.0.40219.1
Project("{FAE04EC0-301F-11D3-BF4B-00C04F79EFBC}") = "RetoSRPIE", "RetoSRPIE\RetoSRPIE.csproj", "{1D63CE80-D473-440E-A134-8439BF9B60B7}"
EndProject
Global
	GlobalSection(SolutionConfigurationPlatforms) = preSolution
		Debug|Any CPU = Debug|Any CPU
		Release|Any CPU = Release|Any CPU
	EndGlobalSection
	GlobalSection(ProjectConfigurationPlatforms) = postSolution
		{1D63CE80-D473-440E-A134-8439BF9B60B7}.Debug|Any CPU.ActiveCfg = Debug|Any CPU
		{1D63CE80-D473-440E-A134-8439BF9B60B7}.Debug|Any CPU.Build.0 = Debug|Any CPU
		{1D63CE80-D473-440E-A134-8439BF9B60B7}.Release|Any CPU.ActiveCfg = Release|Any CPU
		{1D63CE80-D473-440E-A134-8439BF9B60B7}.Release|Any CPU.Build.0 = Release|Any CPU
	EndGlobalSection
	GlobalSection(SolutionProperties) = preSolution
		HideSolutionNode = FALSE
	EndGlobalSection
	GlobalSection(ExtensibilityGlobals) = postSolution
		SolutionGuid = {2F33C4B6-66F7-4687-B675-F1736EBA4CEA}
	EndGlobalSection
EndGlobal
